Terraform will perform the following actions:

  # aws_alb.grafana-alb will be created
  + resource "aws_alb" "grafana-alb" {
      + arn                                                          = (known after apply)
      + arn_suffix                                                   = (known after apply)
      + client_keep_alive                                            = 3600
      + desync_mitigation_mode                                       = "defensive"
      + dns_name                                                     = (known after apply)
      + drop_invalid_header_fields                                   = false
      + enable_deletion_protection                                   = false
      + enable_http2                                                 = true
      + enable_tls_version_and_cipher_suite_headers                  = false
      + enable_waf_fail_open                                         = false
      + enable_xff_client_port                                       = false
      + enforce_security_group_inbound_rules_on_private_link_traffic = (known after apply)
      + id                                                           = (known after apply)
      + idle_timeout                                                 = 60
      + internal                                                     = (known after apply)
      + ip_address_type                                              = (known after apply)
      + load_balancer_type                                           = "application"
      + name                                                         = "grafana-load-balancer"
      + name_prefix                                                  = (known after apply)
      + preserve_host_header                                         = false
      + security_groups                                              = (known after apply)
      + subnets                                                      = (known after apply)
      + tags_all                                                     = {
          + "owner"   = "k8"
          + "project" = "Electric Hydrogen Takehome"
        }
      + vpc_id                                                       = (known after apply)
      + xff_header_processing_mode                                   = "append"
      + zone_id                                                      = (known after apply)

      + access_logs {
          + bucket  = (known after apply)
          + enabled = true
          + prefix  = "grafana-lb"
        }

      + subnet_mapping (known after apply)
    }

  # aws_alb_listener.front_end will be created
  + resource "aws_alb_listener" "front_end" {
      + arn               = (known after apply)
      + id                = (known after apply)
      + load_balancer_arn = (known after apply)
      + port              = 3000
      + protocol          = "HTTP"
      + ssl_policy        = (known after apply)
      + tags_all          = {
          + "owner"   = "k8"
          + "project" = "Electric Hydrogen Takehome"
        }

      + default_action {
          + order            = (known after apply)
          + target_group_arn = (known after apply)
          + type             = "forward"
        }

      + mutual_authentication (known after apply)
    }

  # aws_alb_target_group.app will be created
  + resource "aws_alb_target_group" "app" {
      + arn                                = (known after apply)
      + arn_suffix                         = (known after apply)
      + connection_termination             = (known after apply)
      + deregistration_delay               = "300"
      + id                                 = (known after apply)
      + ip_address_type                    = (known after apply)
      + lambda_multi_value_headers_enabled = false
      + load_balancer_arns                 = (known after apply)
      + load_balancing_algorithm_type      = (known after apply)
      + load_balancing_anomaly_mitigation  = (known after apply)
      + load_balancing_cross_zone_enabled  = (known after apply)
      + name                               = "grafana-target-group"
      + name_prefix                        = (known after apply)
      + port                               = 80
      + preserve_client_ip                 = (known after apply)
      + protocol                           = "HTTP"
      + protocol_version                   = (known after apply)
      + proxy_protocol_v2                  = false
      + slow_start                         = 0
      + tags_all                           = {
          + "owner"   = "k8"
          + "project" = "Electric Hydrogen Takehome"
        }
      + target_type                        = "ip"
      + vpc_id                             = (known after apply)

      + health_check {
          + enabled             = true
          + healthy_threshold   = 3
          + interval            = 30
          + matcher             = "200"
          + path                = "/"
          + port                = "traffic-port"
          + protocol            = "HTTP"
          + timeout             = 3
          + unhealthy_threshold = 2
        }

      + stickiness (known after apply)

      + target_failover (known after apply)

      + target_group_health (known after apply)

      + target_health_state (known after apply)
    }

  # aws_appautoscaling_policy.down will be created
  + resource "aws_appautoscaling_policy" "down" {
      + alarm_arns         = (known after apply)
      + arn                = (known after apply)
      + id                 = (known after apply)
      + name               = "grafana-scale-down"
      + policy_type        = "StepScaling"
      + resource_id        = "service/grafana-cluster/grafana-service"
      + scalable_dimension = "ecs:service:DesiredCount"
      + service_namespace  = "ecs"

      + step_scaling_policy_configuration {
          + adjustment_type         = "ChangeInCapacity"
          + cooldown                = 60
          + metric_aggregation_type = "Maximum"

          + step_adjustment {
              + metric_interval_lower_bound = "0"
              + scaling_adjustment          = -1
                # (1 unchanged attribute hidden)
            }
        }
    }

  # aws_appautoscaling_policy.up will be created
  + resource "aws_appautoscaling_policy" "up" {
      + alarm_arns         = (known after apply)
      + arn                = (known after apply)
      + id                 = (known after apply)
      + name               = "grafana-scale-up"
      + policy_type        = "StepScaling"
      + resource_id        = "service/grafana-cluster/grafana-service"
      + scalable_dimension = "ecs:service:DesiredCount"
      + service_namespace  = "ecs"

      + step_scaling_policy_configuration {
          + adjustment_type         = "ChangeInCapacity"
          + cooldown                = 60
          + metric_aggregation_type = "Maximum"

          + step_adjustment {
              + metric_interval_lower_bound = "0"
              + scaling_adjustment          = 1
                # (1 unchanged attribute hidden)
            }
        }
    }

  # aws_appautoscaling_target.target will be created
  + resource "aws_appautoscaling_target" "target" {
      + arn                = (known after apply)
      + id                 = (known after apply)
      + max_capacity       = 6
      + min_capacity       = 3
      + resource_id        = "service/grafana-cluster/grafana-service"
      + role_arn           = (known after apply)
      + scalable_dimension = "ecs:service:DesiredCount"
      + service_namespace  = "ecs"
      + tags_all           = {
          + "owner"   = "k8"
          + "project" = "Electric Hydrogen Takehome"
        }
    }

  # aws_cloudwatch_log_group.grafana_log_group will be created
  + resource "aws_cloudwatch_log_group" "grafana_log_group" {
      + arn               = (known after apply)
      + id                = (known after apply)
      + log_group_class   = (known after apply)
      + name              = "/ecs/grafana-app"
      + name_prefix       = (known after apply)
      + retention_in_days = 30
      + skip_destroy      = false
      + tags_all          = {
          + "owner"   = "k8"
          + "project" = "Electric Hydrogen Takehome"
        }
    }

  # aws_cloudwatch_log_stream.grafana_log_stream will be created
  + resource "aws_cloudwatch_log_stream" "grafana_log_stream" {
      + arn            = (known after apply)
      + id             = (known after apply)
      + log_group_name = "/ecs/grafana-app"
      + name           = "grafana-log-stream"
    }

  # aws_cloudwatch_metric_alarm.service_cpu_high will be created
  + resource "aws_cloudwatch_metric_alarm" "service_cpu_high" {
      + actions_enabled                       = true
      + alarm_actions                         = (known after apply)
      + alarm_name                            = "grafana-cpu-utilization-high"
      + arn                                   = (known after apply)
      + comparison_operator                   = "GreaterThanOrEqualToThreshold"
      + dimensions                            = {
          + "ClusterName" = "grafana-cluster"
          + "ServiceName" = "grafana-service"
        }
      + evaluate_low_sample_count_percentiles = (known after apply)
      + evaluation_periods                    = 2
      + id                                    = (known after apply)
      + metric_name                           = "CPUUtilization"
      + namespace                             = "AWS/ECS"
      + period                                = 60
      + statistic                             = "Average"
      + tags_all                              = {
          + "owner"   = "k8"
          + "project" = "Electric Hydrogen Takehome"
        }
      + threshold                             = 85
      + treat_missing_data                    = "missing"
    }

  # aws_cloudwatch_metric_alarm.service_cpu_low will be created
  + resource "aws_cloudwatch_metric_alarm" "service_cpu_low" {
      + actions_enabled                       = true
      + alarm_actions                         = (known after apply)
      + alarm_name                            = "grafana-cpu-utilization-low"
      + arn                                   = (known after apply)
      + comparison_operator                   = "LessThanOrEqualToThreshold"
      + dimensions                            = {
          + "ClusterName" = "grafana-cluster"
          + "ServiceName" = "grafana-service"
        }
      + evaluate_low_sample_count_percentiles = (known after apply)
      + evaluation_periods                    = 2
      + id                                    = (known after apply)
      + metric_name                           = "CPUUtilization"
      + namespace                             = "AWS/ECS"
      + period                                = 60
      + statistic                             = "Average"
      + tags_all                              = {
          + "owner"   = "k8"
          + "project" = "Electric Hydrogen Takehome"
        }
      + threshold                             = 10
      + treat_missing_data                    = "missing"
    }

  # aws_db_instance.grafana will be created
  + resource "aws_db_instance" "grafana" {
      + address                               = (known after apply)
      + allocated_storage                     = 5
      + apply_immediately                     = false
      + arn                                   = (known after apply)
      + auto_minor_version_upgrade            = true
      + availability_zone                     = (known after apply)
      + backup_retention_period               = (known after apply)
      + backup_target                         = (known after apply)
      + backup_window                         = (known after apply)
      + ca_cert_identifier                    = (known after apply)
      + character_set_name                    = (known after apply)
      + copy_tags_to_snapshot                 = false
      + db_name                               = (known after apply)
      + db_subnet_group_name                  = "grafana"
      + dedicated_log_volume                  = false
      + delete_automated_backups              = true
      + domain_fqdn                           = (known after apply)
      + enabled_cloudwatch_logs_exports       = [
          + "postgresql",
          + "upgrade",
        ]
      + endpoint                              = (known after apply)
      + engine                                = "postgres"
      + engine_lifecycle_support              = (known after apply)
      + engine_version                        = "16.3"
      + engine_version_actual                 = (known after apply)
      + hosted_zone_id                        = (known after apply)
      + id                                    = (known after apply)
      + identifier                            = "grafana-db"
      + identifier_prefix                     = (known after apply)
      + instance_class                        = "db.t3.micro"
      + iops                                  = (known after apply)
      + kms_key_id                            = (known after apply)
      + latest_restorable_time                = (known after apply)
      + license_model                         = (known after apply)
      + listener_endpoint                     = (known after apply)
      + maintenance_window                    = (known after apply)
      + master_user_secret                    = (known after apply)
      + master_user_secret_kms_key_id         = (known after apply)
      + monitoring_interval                   = 0
      + monitoring_role_arn                   = (known after apply)
      + multi_az                              = (known after apply)
      + nchar_character_set_name              = (known after apply)
      + network_type                          = (known after apply)
      + option_group_name                     = (known after apply)
      + parameter_group_name                  = "grafana-db"
      + password                              = (sensitive value)
      + performance_insights_enabled          = false
      + performance_insights_kms_key_id       = (known after apply)
      + performance_insights_retention_period = (known after apply)
      + port                                  = (known after apply)
      + publicly_accessible                   = false
      + replica_mode                          = (known after apply)
      + replicas                              = (known after apply)
      + resource_id                           = (known after apply)
      + skip_final_snapshot                   = true
      + snapshot_identifier                   = (known after apply)
      + status                                = (known after apply)
      + storage_throughput                    = (known after apply)
      + storage_type                          = (known after apply)
      + tags_all                              = {
          + "owner"   = "k8"
          + "project" = "Electric Hydrogen Takehome"
        }
      + timezone                              = (known after apply)
      + username                              = "root"
      + vpc_security_group_ids                = (known after apply)
    }

  # aws_db_parameter_group.grafana-db will be created
  + resource "aws_db_parameter_group" "grafana-db" {
      + arn         = (known after apply)
      + description = "Managed by Terraform"
      + family      = "postgres16"
      + id          = (known after apply)
      + name        = "grafana-db"
      + name_prefix = (known after apply)
      + tags_all    = {
          + "owner"   = "k8"
          + "project" = "Electric Hydrogen Takehome"
        }

      + parameter {
          + apply_method = "immediate"
          + name         = "log_connections"
          + value        = "1"
        }
    }

  # aws_db_subnet_group.grafana-db will be created
  + resource "aws_db_subnet_group" "grafana-db" {
      + arn                     = (known after apply)
      + description             = "Managed by Terraform"
      + id                      = (known after apply)
      + name                    = "grafana"
      + name_prefix             = (known after apply)
      + subnet_ids              = (known after apply)
      + supported_network_types = (known after apply)
      + tags_all                = {
          + "owner"   = "k8"
          + "project" = "Electric Hydrogen Takehome"
        }
      + vpc_id                  = (known after apply)
    }

  # aws_ecr_repository.grafana_ecr_repo will be created
  + resource "aws_ecr_repository" "grafana_ecr_repo" {
      + arn                  = (known after apply)
      + id                   = (known after apply)
      + image_tag_mutability = "IMMUTABLE"
      + name                 = "grafana-repo"
      + registry_id          = (known after apply)
      + repository_url       = (known after apply)
      + tags_all             = {
          + "owner"   = "k8"
          + "project" = "Electric Hydrogen Takehome"
        }

      + image_scanning_configuration {
          + scan_on_push = true
        }
    }

  # aws_ecs_cluster.grafana will be created
  + resource "aws_ecs_cluster" "grafana" {
      + arn      = (known after apply)
      + id       = (known after apply)
      + name     = "grafana-cluster"
      + tags_all = {
          + "owner"   = "k8"
          + "project" = "Electric Hydrogen Takehome"
        }

      + setting (known after apply)
    }

  # aws_ecs_service.main will be created
  + resource "aws_ecs_service" "main" {
      + cluster                            = (known after apply)
      + deployment_maximum_percent         = 200
      + deployment_minimum_healthy_percent = 100
      + desired_count                      = 3
      + enable_ecs_managed_tags            = false
      + enable_execute_command             = false
      + iam_role                           = (known after apply)
      + id                                 = (known after apply)
      + launch_type                        = "FARGATE"
      + name                               = "grafana-service"
      + platform_version                   = (known after apply)
      + scheduling_strategy                = "REPLICA"
      + tags_all                           = {
          + "owner"   = "k8"
          + "project" = "Electric Hydrogen Takehome"
        }
      + task_definition                    = (known after apply)
      + triggers                           = (known after apply)
      + wait_for_steady_state              = false

      + load_balancer {
          + container_name   = "grafana-app"
          + container_port   = 3000
          + target_group_arn = (known after apply)
            # (1 unchanged attribute hidden)
        }

      + network_configuration {
          + assign_public_ip = true
          + security_groups  = (known after apply)
          + subnets          = (known after apply)
        }
    }

  # aws_ecs_task_definition.app will be created
  + resource "aws_ecs_task_definition" "app" {
      + arn                      = (known after apply)
      + arn_without_revision     = (known after apply)
      + container_definitions    = jsonencode(
            [
              + {
                  + Command                = null
                  + Cpu                    = 256
                  + CredentialSpecs        = null
                  + DependsOn              = null
                  + DisableNetworking      = null
                  + DnsSearchDomains       = null
                  + DnsServers             = null
                  + DockerLabels           = null
                  + DockerSecurityOptions  = null
                  + EntryPoint             = null
                  + Environment            = null
                  + EnvironmentFiles       = null
                  + Essential              = true
                  + ExtraHosts             = null
                  + FirelensConfiguration  = null
                  + HealthCheck            = null
                  + Hostname               = null
                  + Image                  = ""
                  + Interactive            = null
                  + Links                  = null
                  + LinuxParameters        = null
                  + LogConfiguration       = null
                  + Memory                 = 512
                  + MemoryReservation      = null
                  + MountPoints            = null
                  + Name                   = "dockergs"
                  + PortMappings           = [
                      + {
                          + AppProtocol        = ""
                          + ContainerPort      = 80
                          + ContainerPortRange = null
                          + HostPort           = 80
                          + Name               = null
                          + Protocol           = "tcp"
                        },
                    ]
                  + Privileged             = null
                  + PseudoTerminal         = null
                  + ReadonlyRootFilesystem = null
                  + RepositoryCredentials  = null
                  + ResourceRequirements   = null
                  + Secrets                = null
                  + StartTimeout           = null
                  + StopTimeout            = null
                  + SystemControls         = null
                  + Ulimits                = null
                  + User                   = null
                  + VolumesFrom            = null
                  + WorkingDirectory       = null
                },
            ]
        )
      + cpu                      = "1024"
      + execution_role_arn       = (known after apply)
      + family                   = "grafana-app-task"
      + id                       = (known after apply)
      + memory                   = "2048"
      + network_mode             = "awsvpc"
      + requires_compatibilities = [
          + "FARGATE",
        ]
      + revision                 = (known after apply)
      + skip_destroy             = false
      + tags_all                 = {
          + "owner"   = "k8"
          + "project" = "Electric Hydrogen Takehome"
        }
      + track_latest             = false
    }

  # aws_eip.grafana-gw[0] will be created
  + resource "aws_eip" "grafana-gw" {
      + allocation_id        = (known after apply)
      + arn                  = (known after apply)
      + association_id       = (known after apply)
      + carrier_ip           = (known after apply)
      + customer_owned_ip    = (known after apply)
      + domain               = "vpc"
      + id                   = (known after apply)
      + instance             = (known after apply)
      + network_border_group = (known after apply)
      + network_interface    = (known after apply)
      + private_dns          = (known after apply)
      + private_ip           = (known after apply)
      + ptr_record           = (known after apply)
      + public_dns           = (known after apply)
      + public_ip            = (known after apply)
      + public_ipv4_pool     = (known after apply)
      + tags_all             = {
          + "owner"   = "k8"
          + "project" = "Electric Hydrogen Takehome"
        }
      + vpc                  = (known after apply)
    }

  # aws_eip.grafana-gw[1] will be created
  + resource "aws_eip" "grafana-gw" {
      + allocation_id        = (known after apply)
      + arn                  = (known after apply)
      + association_id       = (known after apply)
      + carrier_ip           = (known after apply)
      + customer_owned_ip    = (known after apply)
      + domain               = "vpc"
      + id                   = (known after apply)
      + instance             = (known after apply)
      + network_border_group = (known after apply)
      + network_interface    = (known after apply)
      + private_dns          = (known after apply)
      + private_ip           = (known after apply)
      + ptr_record           = (known after apply)
      + public_dns           = (known after apply)
      + public_ip            = (known after apply)
      + public_ipv4_pool     = (known after apply)
      + tags_all             = {
          + "owner"   = "k8"
          + "project" = "Electric Hydrogen Takehome"
        }
      + vpc                  = (known after apply)
    }

  # aws_iam_role.ecs_auto_scale_role will be created
  + resource "aws_iam_role" "ecs_auto_scale_role" {
      + arn                   = (known after apply)
      + assume_role_policy    = jsonencode(
            {
              + Statement = [
                  + {
                      + Action    = "sts:AssumeRole"
                      + Effect    = "Allow"
                      + Principal = {
                          + Service = "application-autoscaling.amazonaws.com"
                        }
                    },
                ]
              + Version   = "2012-10-17"
            }
        )
      + create_date           = (known after apply)
      + force_detach_policies = false
      + id                    = (known after apply)
      + managed_policy_arns   = (known after apply)
      + max_session_duration  = 3600
      + name                  = "ecs_auto_scale_role"
      + name_prefix           = (known after apply)
      + path                  = "/"
      + tags_all              = {
          + "owner"   = "k8"
          + "project" = "Electric Hydrogen Takehome"
        }
      + unique_id             = (known after apply)

      + inline_policy (known after apply)
    }

  # aws_iam_role.ecs_task_execution_role will be created
  + resource "aws_iam_role" "ecs_task_execution_role" {
      + arn                   = (known after apply)
      + assume_role_policy    = jsonencode(
            {
              + Statement = [
                  + {
                      + Action    = "sts:AssumeRole"
                      + Effect    = "Allow"
                      + Principal = {
                          + Service = "ecs-tasks.amazonaws.com"
                        }
                    },
                ]
              + Version   = "2012-10-17"
            }
        )
      + create_date           = (known after apply)
      + force_detach_policies = false
      + id                    = (known after apply)
      + managed_policy_arns   = (known after apply)
      + max_session_duration  = 3600
      + name                  = "grafana-ECSTaskExecutionRole"
      + name_prefix           = (known after apply)
      + path                  = "/"
      + tags_all              = {
          + "owner"   = "k8"
          + "project" = "Electric Hydrogen Takehome"
        }
      + unique_id             = (known after apply)

      + inline_policy (known after apply)
    }

  # aws_iam_role_policy_attachment.ecs-task-execution-role-policy-attachment will be created
  + resource "aws_iam_role_policy_attachment" "ecs-task-execution-role-policy-attachment" {
      + id         = (known after apply)
      + policy_arn = "arn:aws:iam::aws:policy/service-role/AmazonECSTaskExecutionRolePolicy"
      + role       = "grafana-ECSTaskExecutionRole"
    }

  # aws_iam_role_policy_attachment.ecs_auto_scale_role_policy_attachment will be created
  + resource "aws_iam_role_policy_attachment" "ecs_auto_scale_role_policy_attachment" {
      + id         = (known after apply)
      + policy_arn = "arn:aws:iam::aws:policy/service-role/AmazonEC2ContainerServiceAutoscaleRole"
      + role       = "ecs_auto_scale_role"
    }

  # aws_internet_gateway.grafana-public will be created
  + resource "aws_internet_gateway" "grafana-public" {
      + arn      = (known after apply)
      + id       = (known after apply)
      + owner_id = (known after apply)
      + tags_all = {
          + "owner"   = "k8"
          + "project" = "Electric Hydrogen Takehome"
        }
      + vpc_id   = (known after apply)
    }

  # aws_nat_gateway.grafana-gw[0] will be created
  + resource "aws_nat_gateway" "grafana-gw" {
      + allocation_id                      = (known after apply)
      + association_id                     = (known after apply)
      + connectivity_type                  = "public"
      + id                                 = (known after apply)
      + network_interface_id               = (known after apply)
      + private_ip                         = (known after apply)
      + public_ip                          = (known after apply)
      + secondary_private_ip_address_count = (known after apply)
      + secondary_private_ip_addresses     = (known after apply)
      + subnet_id                          = (known after apply)
      + tags_all                           = {
          + "owner"   = "k8"
          + "project" = "Electric Hydrogen Takehome"
        }
    }

  # aws_nat_gateway.grafana-gw[1] will be created
  + resource "aws_nat_gateway" "grafana-gw" {
      + allocation_id                      = (known after apply)
      + association_id                     = (known after apply)
      + connectivity_type                  = "public"
      + id                                 = (known after apply)
      + network_interface_id               = (known after apply)
      + private_ip                         = (known after apply)
      + public_ip                          = (known after apply)
      + secondary_private_ip_address_count = (known after apply)
      + secondary_private_ip_addresses     = (known after apply)
      + subnet_id                          = (known after apply)
      + tags_all                           = {
          + "owner"   = "k8"
          + "project" = "Electric Hydrogen Takehome"
        }
    }

  # aws_route.internet_access will be created
  + resource "aws_route" "internet_access" {
      + destination_cidr_block = "0.0.0.0/0"
      + gateway_id             = (known after apply)
      + id                     = (known after apply)
      + instance_id            = (known after apply)
      + instance_owner_id      = (known after apply)
      + network_interface_id   = (known after apply)
      + origin                 = (known after apply)
      + route_table_id         = (known after apply)
      + state                  = (known after apply)
    }

  # aws_route_table.private[0] will be created
  + resource "aws_route_table" "private" {
      + arn              = (known after apply)
      + id               = (known after apply)
      + owner_id         = (known after apply)
      + propagating_vgws = (known after apply)
      + route            = [
          + {
              + cidr_block                 = "0.0.0.0/0"
              + nat_gateway_id             = (known after apply)
                # (11 unchanged attributes hidden)
            },
        ]
      + tags_all         = {
          + "owner"   = "k8"
          + "project" = "Electric Hydrogen Takehome"
        }
      + vpc_id           = (known after apply)
    }

  # aws_route_table.private[1] will be created
  + resource "aws_route_table" "private" {
      + arn              = (known after apply)
      + id               = (known after apply)
      + owner_id         = (known after apply)
      + propagating_vgws = (known after apply)
      + route            = [
          + {
              + cidr_block                 = "0.0.0.0/0"
              + nat_gateway_id             = (known after apply)
                # (11 unchanged attributes hidden)
            },
        ]
      + tags_all         = {
          + "owner"   = "k8"
          + "project" = "Electric Hydrogen Takehome"
        }
      + vpc_id           = (known after apply)
    }

  # aws_route_table_association.private[0] will be created
  + resource "aws_route_table_association" "private" {
      + id             = (known after apply)
      + route_table_id = (known after apply)
      + subnet_id      = (known after apply)
    }

  # aws_route_table_association.private[1] will be created
  + resource "aws_route_table_association" "private" {
      + id             = (known after apply)
      + route_table_id = (known after apply)
      + subnet_id      = (known after apply)
    }

  # aws_s3_bucket.lb_logs will be created
  + resource "aws_s3_bucket" "lb_logs" {
      + acceleration_status         = (known after apply)
      + acl                         = (known after apply)
      + arn                         = (known after apply)
      + bucket                      = "grafana-load-balancer-logs-17"
      + bucket_domain_name          = (known after apply)
      + bucket_prefix               = (known after apply)
      + bucket_regional_domain_name = (known after apply)
      + force_destroy               = false
      + hosted_zone_id              = (known after apply)
      + id                          = (known after apply)
      + object_lock_enabled         = (known after apply)
      + policy                      = (known after apply)
      + region                      = (known after apply)
      + request_payer               = (known after apply)
      + tags_all                    = {
          + "owner"   = "k8"
          + "project" = "Electric Hydrogen Takehome"
        }
      + website_domain              = (known after apply)
      + website_endpoint            = (known after apply)

      + cors_rule (known after apply)

      + grant (known after apply)

      + lifecycle_rule (known after apply)

      + logging (known after apply)

      + object_lock_configuration (known after apply)

      + replication_configuration (known after apply)

      + server_side_encryption_configuration (known after apply)

      + versioning (known after apply)

      + website (known after apply)
    }

  # aws_security_group.ecs_tasks will be created
  + resource "aws_security_group" "ecs_tasks" {
      + arn                    = (known after apply)
      + description            = "allow inbound access from the ALB only"
      + egress                 = [
          + {
              + cidr_blocks      = [
                  + "1.2.3.4/32",
                ]
              + from_port        = 0
              + ipv6_cidr_blocks = []
              + prefix_list_ids  = []
              + protocol         = "-1"
              + security_groups  = []
              + self             = false
              + to_port          = 0
                # (1 unchanged attribute hidden)
            },
        ]
      + id                     = (known after apply)
      + ingress                = [
          + {
              + cidr_blocks      = []
              + from_port        = 3000
              + ipv6_cidr_blocks = []
              + prefix_list_ids  = []
              + protocol         = "tcp"
              + security_groups  = (known after apply)
              + self             = false
              + to_port          = 3000
                # (1 unchanged attribute hidden)
            },
        ]
      + name                   = "grafana-ecs-tasks-security-group"
      + name_prefix            = (known after apply)
      + owner_id               = (known after apply)
      + revoke_rules_on_delete = false
      + tags_all               = {
          + "owner"   = "k8"
          + "project" = "Electric Hydrogen Takehome"
        }
      + vpc_id                 = (known after apply)
    }

  # aws_security_group.grafana-db will be created
  + resource "aws_security_group" "grafana-db" {
      + arn                    = (known after apply)
      + description            = "Managed by Terraform"
      + egress                 = [
          + {
              + cidr_blocks      = [
                  + "1.2.3.4/32",
                ]
              + from_port        = 5432
              + ipv6_cidr_blocks = []
              + prefix_list_ids  = []
              + protocol         = "tcp"
              + security_groups  = []
              + self             = false
              + to_port          = 5432
                # (1 unchanged attribute hidden)
            },
        ]
      + id                     = (known after apply)
      + ingress                = [
          + {
              + cidr_blocks      = [
                  + "1.2.3.4/32",
                ]
              + from_port        = 5432
              + ipv6_cidr_blocks = []
              + prefix_list_ids  = []
              + protocol         = "tcp"
              + security_groups  = []
              + self             = false
              + to_port          = 5432
                # (1 unchanged attribute hidden)
            },
        ]
      + name                   = "grafana-db"
      + name_prefix            = (known after apply)
      + owner_id               = (known after apply)
      + revoke_rules_on_delete = false
      + tags_all               = {
          + "owner"   = "k8"
          + "project" = "Electric Hydrogen Takehome"
        }
      + vpc_id                 = (known after apply)
    }

  # aws_security_group.lb will be created
  + resource "aws_security_group" "lb" {
      + arn                    = (known after apply)
      + description            = "controls access to the ALB"
      + egress                 = [
          + {
              + cidr_blocks      = [
                  + "0.0.0.0/0",
                ]
              + from_port        = 0
              + ipv6_cidr_blocks = []
              + prefix_list_ids  = []
              + protocol         = "-1"
              + security_groups  = []
              + self             = false
              + to_port          = 0
                # (1 unchanged attribute hidden)
            },
        ]
      + id                     = (known after apply)
      + ingress                = [
          + {
              + cidr_blocks      = [
                  + "0.0.0.0/0",
                ]
              + from_port        = 3000
              + ipv6_cidr_blocks = []
              + prefix_list_ids  = []
              + protocol         = "tcp"
              + security_groups  = []
              + self             = false
              + to_port          = 3000
                # (1 unchanged attribute hidden)
            },
        ]
      + name                   = "grafana-load-balancer-security-group"
      + name_prefix            = (known after apply)
      + owner_id               = (known after apply)
      + revoke_rules_on_delete = false
      + tags_all               = {
          + "owner"   = "k8"
          + "project" = "Electric Hydrogen Takehome"
        }
      + vpc_id                 = (known after apply)
    }

  # aws_subnet.grafana-private[0] will be created
  + resource "aws_subnet" "grafana-private" {
      + arn                                            = (known after apply)
      + assign_ipv6_address_on_creation                = false
      + availability_zone                              = "us-east-2a"
      + availability_zone_id                           = (known after apply)
      + cidr_block                                     = "172.17.0.0/24"
      + enable_dns64                                   = false
      + enable_resource_name_dns_a_record_on_launch    = false
      + enable_resource_name_dns_aaaa_record_on_launch = false
      + id                                             = (known after apply)
      + ipv6_cidr_block_association_id                 = (known after apply)
      + ipv6_native                                    = false
      + map_public_ip_on_launch                        = false
      + owner_id                                       = (known after apply)
      + private_dns_hostname_type_on_launch            = (known after apply)
      + tags_all                                       = {
          + "owner"   = "k8"
          + "project" = "Electric Hydrogen Takehome"
        }
      + vpc_id                                         = (known after apply)
    }

  # aws_subnet.grafana-private[1] will be created
  + resource "aws_subnet" "grafana-private" {
      + arn                                            = (known after apply)
      + assign_ipv6_address_on_creation                = false
      + availability_zone                              = "us-east-2b"
      + availability_zone_id                           = (known after apply)
      + cidr_block                                     = "172.17.1.0/24"
      + enable_dns64                                   = false
      + enable_resource_name_dns_a_record_on_launch    = false
      + enable_resource_name_dns_aaaa_record_on_launch = false
      + id                                             = (known after apply)
      + ipv6_cidr_block_association_id                 = (known after apply)
      + ipv6_native                                    = false
      + map_public_ip_on_launch                        = false
      + owner_id                                       = (known after apply)
      + private_dns_hostname_type_on_launch            = (known after apply)
      + tags_all                                       = {
          + "owner"   = "k8"
          + "project" = "Electric Hydrogen Takehome"
        }
      + vpc_id                                         = (known after apply)
    }

  # aws_subnet.grafana-public[0] will be created
  + resource "aws_subnet" "grafana-public" {
      + arn                                            = (known after apply)
      + assign_ipv6_address_on_creation                = false
      + availability_zone                              = "us-east-2a"
      + availability_zone_id                           = (known after apply)
      + cidr_block                                     = "172.17.2.0/24"
      + enable_dns64                                   = false
      + enable_resource_name_dns_a_record_on_launch    = false
      + enable_resource_name_dns_aaaa_record_on_launch = false
      + id                                             = (known after apply)
      + ipv6_cidr_block_association_id                 = (known after apply)
      + ipv6_native                                    = false
      + map_public_ip_on_launch                        = true
      + owner_id                                       = (known after apply)
      + private_dns_hostname_type_on_launch            = (known after apply)
      + tags_all                                       = {
          + "owner"   = "k8"
          + "project" = "Electric Hydrogen Takehome"
        }
      + vpc_id                                         = (known after apply)
    }

  # aws_subnet.grafana-public[1] will be created
  + resource "aws_subnet" "grafana-public" {
      + arn                                            = (known after apply)
      + assign_ipv6_address_on_creation                = false
      + availability_zone                              = "us-east-2b"
      + availability_zone_id                           = (known after apply)
      + cidr_block                                     = "172.17.3.0/24"
      + enable_dns64                                   = false
      + enable_resource_name_dns_a_record_on_launch    = false
      + enable_resource_name_dns_aaaa_record_on_launch = false
      + id                                             = (known after apply)
      + ipv6_cidr_block_association_id                 = (known after apply)
      + ipv6_native                                    = false
      + map_public_ip_on_launch                        = true
      + owner_id                                       = (known after apply)
      + private_dns_hostname_type_on_launch            = (known after apply)
      + tags_all                                       = {
          + "owner"   = "k8"
          + "project" = "Electric Hydrogen Takehome"
        }
      + vpc_id                                         = (known after apply)
    }

  # aws_vpc.grafana will be created
  + resource "aws_vpc" "grafana" {
      + arn                                  = (known after apply)
      + cidr_block                           = "172.17.0.0/16"
      + default_network_acl_id               = (known after apply)
      + default_route_table_id               = (known after apply)
      + default_security_group_id            = (known after apply)
      + dhcp_options_id                      = (known after apply)
      + enable_dns_hostnames                 = (known after apply)
      + enable_dns_support                   = true
      + enable_network_address_usage_metrics = (known after apply)
      + id                                   = (known after apply)
      + instance_tenancy                     = "default"
      + ipv6_association_id                  = (known after apply)
      + ipv6_cidr_block                      = (known after apply)
      + ipv6_cidr_block_network_border_group = (known after apply)
      + main_route_table_id                  = (known after apply)
      + owner_id                             = (known after apply)
      + tags_all                             = {
          + "owner"   = "k8"
          + "project" = "Electric Hydrogen Takehome"
        }
    }

Plan: 40 to add, 0 to change, 0 to destroy.

Changes to Outputs:
  + alb_hostname = (known after apply)
  + rds_hostname = (sensitive value)
  + rds_port     = (sensitive value)
  + rds_username = (sensitive value)

──────────────────────────────────────────────────────────────────────────────────────────────────────────────────────────────────────────

Note: You didn't use the -out option to save this plan, so Terraform can't guarantee to take exactly these actions if you run "terraform
apply" now.